
Microsoft Visual Studio Solution File, Format Version 12.00
# Visual Studio Version 16
VisualStudioVersion = 16.0.29728.190
MinimumVisualStudioVersion = 10.0.40219.1
Project("{FAE04EC0-301F-11D3-BF4B-00C04F79EFBC}") = "Moon.Orm", "Moon.Orm\Moon.Orm.csproj", "{4F7BCBA1-FD24-4D78-B933-6777523EFBF8}"
EndProject
Project("{FAE04EC0-301F-11D3-BF4B-00C04F79EFBC}") = "Test", "Test\Test.csproj", "{AD4A725F-ED5D-4BB2-A6BA-B3C5B3CCD07C}"
EndProject
Project("{FAE04EC0-301F-11D3-BF4B-00C04F79EFBC}") = "TestMySql", "TestMySql\TestMySql.csproj", "{0242C23D-FE69-4555-AB55-F275DA65EAA4}"
EndProject
Project("{FAE04EC0-301F-11D3-BF4B-00C04F79EFBC}") = "TestMoon", "TestMoon\TestMoon.csproj", "{F0AAAF36-480C-41E4-8DE2-F7672EC2666C}"
EndProject
Project("{FAE04EC0-301F-11D3-BF4B-00C04F79EFBC}") = "TestEF", "TestEF\TestEF.csproj", "{FF9C24DE-01EF-407B-A823-143B1F958574}"
EndProject
Project("{FAE04EC0-301F-11D3-BF4B-00C04F79EFBC}") = "Encrytion", "Encrytion\Encrytion.csproj", "{B2AAE504-513F-4905-97BA-14ECC90A428D}"
EndProject
Project("{FAE04EC0-301F-11D3-BF4B-00C04F79EFBC}") = "Moon.Pager", "Moon.Pager\Moon.Pager.csproj", "{C4FA75E9-D66F-4C24-949A-8FF76D93E321}"
EndProject
Project("{FAE04EC0-301F-11D3-BF4B-00C04F79EFBC}") = "Moon.LigerUI", "Moon.LigerUI\Moon.LigerUI.csproj", "{7E8FD4F5-4C13-4C04-BDA3-7EC282DA7999}"
EndProject
Project("{FAE04EC0-301F-11D3-BF4B-00C04F79EFBC}") = "CodeRobot", "Moon.CodeRobot\CodeRobot\CodeRobot.csproj", "{173D9930-4199-4FE8-B563-FD20022E1D1E}"
EndProject
Project("{FAE04EC0-301F-11D3-BF4B-00C04F79EFBC}") = "Moon.CodeBuider", "Moon.CodeRobot\Moon.CodeBuider\Moon.CodeBuider.csproj", "{6BE8C746-EBB5-4CC9-8C1B-4B3038BFEB29}"
EndProject
Project("{FAE04EC0-301F-11D3-BF4B-00C04F79EFBC}") = "Moon.OrmCore", "Moon.OrmCore\Moon.OrmCore.csproj", "{022C3C16-9D50-4776-95DA-E0885D488164}"
EndProject
Project("{FAE04EC0-301F-11D3-BF4B-00C04F79EFBC}") = "ClassLibrary1", "ClassLibrary1\ClassLibrary1.csproj", "{DF815939-AE1B-484E-AA56-37697C495429}"
EndProject
Global
	GlobalSection(SolutionConfigurationPlatforms) = preSolution
		Debug|Any CPU = Debug|Any CPU
		Debug|x86 = Debug|x86
		Release|Any CPU = Release|Any CPU
		Release|x86 = Release|x86
	EndGlobalSection
	GlobalSection(ProjectConfigurationPlatforms) = postSolution
		{4F7BCBA1-FD24-4D78-B933-6777523EFBF8}.Debug|Any CPU.ActiveCfg = Debug|Any CPU
		{4F7BCBA1-FD24-4D78-B933-6777523EFBF8}.Debug|Any CPU.Build.0 = Debug|Any CPU
		{4F7BCBA1-FD24-4D78-B933-6777523EFBF8}.Debug|x86.ActiveCfg = Debug|x86
		{4F7BCBA1-FD24-4D78-B933-6777523EFBF8}.Debug|x86.Build.0 = Debug|x86
		{4F7BCBA1-FD24-4D78-B933-6777523EFBF8}.Release|Any CPU.ActiveCfg = Release|Any CPU
		{4F7BCBA1-FD24-4D78-B933-6777523EFBF8}.Release|Any CPU.Build.0 = Release|Any CPU
		{4F7BCBA1-FD24-4D78-B933-6777523EFBF8}.Release|x86.ActiveCfg = Release|x86
		{4F7BCBA1-FD24-4D78-B933-6777523EFBF8}.Release|x86.Build.0 = Release|x86
		{AD4A725F-ED5D-4BB2-A6BA-B3C5B3CCD07C}.Debug|Any CPU.ActiveCfg = Debug|Any CPU
		{AD4A725F-ED5D-4BB2-A6BA-B3C5B3CCD07C}.Debug|Any CPU.Build.0 = Debug|Any CPU
		{AD4A725F-ED5D-4BB2-A6BA-B3C5B3CCD07C}.Debug|x86.ActiveCfg = Debug|Any CPU
		{AD4A725F-ED5D-4BB2-A6BA-B3C5B3CCD07C}.Debug|x86.Build.0 = Debug|Any CPU
		{AD4A725F-ED5D-4BB2-A6BA-B3C5B3CCD07C}.Release|Any CPU.ActiveCfg = Release|Any CPU
		{AD4A725F-ED5D-4BB2-A6BA-B3C5B3CCD07C}.Release|Any CPU.Build.0 = Release|Any CPU
		{AD4A725F-ED5D-4BB2-A6BA-B3C5B3CCD07C}.Release|x86.ActiveCfg = Release|Any CPU
		{AD4A725F-ED5D-4BB2-A6BA-B3C5B3CCD07C}.Release|x86.Build.0 = Release|Any CPU
		{0242C23D-FE69-4555-AB55-F275DA65EAA4}.Debug|Any CPU.ActiveCfg = Debug|Any CPU
		{0242C23D-FE69-4555-AB55-F275DA65EAA4}.Debug|Any CPU.Build.0 = Debug|Any CPU
		{0242C23D-FE69-4555-AB55-F275DA65EAA4}.Debug|x86.ActiveCfg = Debug|Any CPU
		{0242C23D-FE69-4555-AB55-F275DA65EAA4}.Debug|x86.Build.0 = Debug|Any CPU
		{0242C23D-FE69-4555-AB55-F275DA65EAA4}.Release|Any CPU.ActiveCfg = Release|Any CPU
		{0242C23D-FE69-4555-AB55-F275DA65EAA4}.Release|Any CPU.Build.0 = Release|Any CPU
		{0242C23D-FE69-4555-AB55-F275DA65EAA4}.Release|x86.ActiveCfg = Release|Any CPU
		{0242C23D-FE69-4555-AB55-F275DA65EAA4}.Release|x86.Build.0 = Release|Any CPU
		{F0AAAF36-480C-41E4-8DE2-F7672EC2666C}.Debug|Any CPU.ActiveCfg = Debug|Any CPU
		{F0AAAF36-480C-41E4-8DE2-F7672EC2666C}.Debug|Any CPU.Build.0 = Debug|Any CPU
		{F0AAAF36-480C-41E4-8DE2-F7672EC2666C}.Debug|x86.ActiveCfg = Debug|Any CPU
		{F0AAAF36-480C-41E4-8DE2-F7672EC2666C}.Debug|x86.Build.0 = Debug|Any CPU
		{F0AAAF36-480C-41E4-8DE2-F7672EC2666C}.Release|Any CPU.ActiveCfg = Release|Any CPU
		{F0AAAF36-480C-41E4-8DE2-F7672EC2666C}.Release|Any CPU.Build.0 = Release|Any CPU
		{F0AAAF36-480C-41E4-8DE2-F7672EC2666C}.Release|x86.ActiveCfg = Release|Any CPU
		{F0AAAF36-480C-41E4-8DE2-F7672EC2666C}.Release|x86.Build.0 = Release|Any CPU
		{FF9C24DE-01EF-407B-A823-143B1F958574}.Debug|Any CPU.ActiveCfg = Debug|Any CPU
		{FF9C24DE-01EF-407B-A823-143B1F958574}.Debug|Any CPU.Build.0 = Debug|Any CPU
		{FF9C24DE-01EF-407B-A823-143B1F958574}.Debug|x86.ActiveCfg = Debug|Any CPU
		{FF9C24DE-01EF-407B-A823-143B1F958574}.Debug|x86.Build.0 = Debug|Any CPU
		{FF9C24DE-01EF-407B-A823-143B1F958574}.Release|Any CPU.ActiveCfg = Release|Any CPU
		{FF9C24DE-01EF-407B-A823-143B1F958574}.Release|Any CPU.Build.0 = Release|Any CPU
		{FF9C24DE-01EF-407B-A823-143B1F958574}.Release|x86.ActiveCfg = Release|Any CPU
		{FF9C24DE-01EF-407B-A823-143B1F958574}.Release|x86.Build.0 = Release|Any CPU
		{B2AAE504-513F-4905-97BA-14ECC90A428D}.Debug|Any CPU.ActiveCfg = Debug|Any CPU
		{B2AAE504-513F-4905-97BA-14ECC90A428D}.Debug|Any CPU.Build.0 = Debug|Any CPU
		{B2AAE504-513F-4905-97BA-14ECC90A428D}.Debug|x86.ActiveCfg = Debug|Any CPU
		{B2AAE504-513F-4905-97BA-14ECC90A428D}.Debug|x86.Build.0 = Debug|Any CPU
		{B2AAE504-513F-4905-97BA-14ECC90A428D}.Release|Any CPU.ActiveCfg = Release|Any CPU
		{B2AAE504-513F-4905-97BA-14ECC90A428D}.Release|Any CPU.Build.0 = Release|Any CPU
		{B2AAE504-513F-4905-97BA-14ECC90A428D}.Release|x86.ActiveCfg = Release|Any CPU
		{B2AAE504-513F-4905-97BA-14ECC90A428D}.Release|x86.Build.0 = Release|Any CPU
		{C4FA75E9-D66F-4C24-949A-8FF76D93E321}.Debug|Any CPU.ActiveCfg = Debug|Any CPU
		{C4FA75E9-D66F-4C24-949A-8FF76D93E321}.Debug|Any CPU.Build.0 = Debug|Any CPU
		{C4FA75E9-D66F-4C24-949A-8FF76D93E321}.Debug|x86.ActiveCfg = Debug|Any CPU
		{C4FA75E9-D66F-4C24-949A-8FF76D93E321}.Release|Any CPU.ActiveCfg = Release|Any CPU
		{C4FA75E9-D66F-4C24-949A-8FF76D93E321}.Release|Any CPU.Build.0 = Release|Any CPU
		{C4FA75E9-D66F-4C24-949A-8FF76D93E321}.Release|x86.ActiveCfg = Release|Any CPU
		{7E8FD4F5-4C13-4C04-BDA3-7EC282DA7999}.Debug|Any CPU.ActiveCfg = Debug|Any CPU
		{7E8FD4F5-4C13-4C04-BDA3-7EC282DA7999}.Debug|Any CPU.Build.0 = Debug|Any CPU
		{7E8FD4F5-4C13-4C04-BDA3-7EC282DA7999}.Debug|x86.ActiveCfg = Debug|x86
		{7E8FD4F5-4C13-4C04-BDA3-7EC282DA7999}.Debug|x86.Build.0 = Debug|x86
		{7E8FD4F5-4C13-4C04-BDA3-7EC282DA7999}.Release|Any CPU.ActiveCfg = Release|Any CPU
		{7E8FD4F5-4C13-4C04-BDA3-7EC282DA7999}.Release|Any CPU.Build.0 = Release|Any CPU
		{7E8FD4F5-4C13-4C04-BDA3-7EC282DA7999}.Release|x86.ActiveCfg = Release|x86
		{7E8FD4F5-4C13-4C04-BDA3-7EC282DA7999}.Release|x86.Build.0 = Release|x86
		{173D9930-4199-4FE8-B563-FD20022E1D1E}.Debug|Any CPU.ActiveCfg = Debug|x86
		{173D9930-4199-4FE8-B563-FD20022E1D1E}.Debug|x86.ActiveCfg = Debug|x86
		{173D9930-4199-4FE8-B563-FD20022E1D1E}.Debug|x86.Build.0 = Debug|x86
		{173D9930-4199-4FE8-B563-FD20022E1D1E}.Release|Any CPU.ActiveCfg = Release|x86
		{173D9930-4199-4FE8-B563-FD20022E1D1E}.Release|x86.ActiveCfg = Release|x86
		{173D9930-4199-4FE8-B563-FD20022E1D1E}.Release|x86.Build.0 = Release|x86
		{6BE8C746-EBB5-4CC9-8C1B-4B3038BFEB29}.Debug|Any CPU.ActiveCfg = Debug|Any CPU
		{6BE8C746-EBB5-4CC9-8C1B-4B3038BFEB29}.Debug|Any CPU.Build.0 = Debug|Any CPU
		{6BE8C746-EBB5-4CC9-8C1B-4B3038BFEB29}.Debug|x86.ActiveCfg = Debug|Any CPU
		{6BE8C746-EBB5-4CC9-8C1B-4B3038BFEB29}.Debug|x86.Build.0 = Debug|Any CPU
		{6BE8C746-EBB5-4CC9-8C1B-4B3038BFEB29}.Release|Any CPU.ActiveCfg = Release|Any CPU
		{6BE8C746-EBB5-4CC9-8C1B-4B3038BFEB29}.Release|Any CPU.Build.0 = Release|Any CPU
		{6BE8C746-EBB5-4CC9-8C1B-4B3038BFEB29}.Release|x86.ActiveCfg = Release|Any CPU
		{6BE8C746-EBB5-4CC9-8C1B-4B3038BFEB29}.Release|x86.Build.0 = Release|Any CPU
		{022C3C16-9D50-4776-95DA-E0885D488164}.Debug|Any CPU.ActiveCfg = Debug|Any CPU
		{022C3C16-9D50-4776-95DA-E0885D488164}.Debug|Any CPU.Build.0 = Debug|Any CPU
		{022C3C16-9D50-4776-95DA-E0885D488164}.Debug|x86.ActiveCfg = Debug|Any CPU
		{022C3C16-9D50-4776-95DA-E0885D488164}.Debug|x86.Build.0 = Debug|Any CPU
		{022C3C16-9D50-4776-95DA-E0885D488164}.Release|Any CPU.ActiveCfg = Release|Any CPU
		{022C3C16-9D50-4776-95DA-E0885D488164}.Release|Any CPU.Build.0 = Release|Any CPU
		{022C3C16-9D50-4776-95DA-E0885D488164}.Release|x86.ActiveCfg = Release|Any CPU
		{022C3C16-9D50-4776-95DA-E0885D488164}.Release|x86.Build.0 = Release|Any CPU
		{DF815939-AE1B-484E-AA56-37697C495429}.Debug|Any CPU.ActiveCfg = Debug|Any CPU
		{DF815939-AE1B-484E-AA56-37697C495429}.Debug|Any CPU.Build.0 = Debug|Any CPU
		{DF815939-AE1B-484E-AA56-37697C495429}.Debug|x86.ActiveCfg = Debug|Any CPU
		{DF815939-AE1B-484E-AA56-37697C495429}.Debug|x86.Build.0 = Debug|Any CPU
		{DF815939-AE1B-484E-AA56-37697C495429}.Release|Any CPU.ActiveCfg = Release|Any CPU
		{DF815939-AE1B-484E-AA56-37697C495429}.Release|Any CPU.Build.0 = Release|Any CPU
		{DF815939-AE1B-484E-AA56-37697C495429}.Release|x86.ActiveCfg = Release|Any CPU
		{DF815939-AE1B-484E-AA56-37697C495429}.Release|x86.Build.0 = Release|Any CPU
	EndGlobalSection
	GlobalSection(SolutionProperties) = preSolution
		HideSolutionNode = FALSE
	EndGlobalSection
	GlobalSection(ExtensibilityGlobals) = postSolution
		SolutionGuid = {6000B539-4E6E-4B03-B070-4813AFE27427}
	EndGlobalSection
EndGlobal
